
Microsoft Visual Studio Solution File, Format Version 12.00
# Visual Studio 15
Project("{FAE04EC0-301F-11D3-BF4B-00C04F79EFBC}") = "Book", "Book\Book.csproj", "{3451A5C9-CF99-4F79-A13D-90B73F081843}"
EndProject
Global
	GlobalSection(SolutionConfigurationPlatforms) = preSolution
		Debug|anycpu = Debug|anycpu
		Release|anycpu = Release|anycpu
	EndGlobalSection
	GlobalSection(ProjectConfigurationPlatforms) = postSolution
		{3451A5C9-CF99-4F79-A13D-90B73F081843}.Debug|anycpu.ActiveCfg = Debug|anycpu
		{3451A5C9-CF99-4F79-A13D-90B73F081843}.Debug|anycpu.Build.0 = Debug|anycpu
		{3451A5C9-CF99-4F79-A13D-90B73F081843}.Release|anycpu.ActiveCfg = Release|anycpu
		{3451A5C9-CF99-4F79-A13D-90B73F081843}.Release|anycpu.Build.0 = Release|anycpu
	EndGlobalSection
EndGlobal
